
Microsoft Visual Studio Solution File, Format Version 12.00
# Visual Studio 14
VisualStudioVersion = 14.0.24720.0
MinimumVisualStudioVersion = 10.0.40219.1
Project("{8BC9CEB8-8B4A-11D0-8D11-00A0C91BC942}") = "lab1", "lab1\lab1.vcxproj", "{49AF759F-72CC-408F-B9BA-772DAB52C101}"
EndProject
Project("{8BC9CEB8-8B4A-11D0-8D11-00A0C91BC942}") = "ex2", "ex2\ex2.vcxproj", "{F68ED626-208B-4F2E-83F8-DE27A8C1A713}"
EndProject
Project("{8BC9CEB8-8B4A-11D0-8D11-00A0C91BC942}") = "ex3", "ex3\ex3.vcxproj", "{E64C8A27-6709-43CB-9111-005F73553D85}"
EndProject
Project("{8BC9CEB8-8B4A-11D0-8D11-00A0C91BC942}") = "ex4", "ex4\ex4.vcxproj", "{3659F47F-0EF9-4B92-996F-81F893A4B2D6}"
EndProject
Project("{8BC9CEB8-8B4A-11D0-8D11-00A0C91BC942}") = "ex5", "ex5\ex5.vcxproj", "{2E55B8F7-69CD-43E0-A72B-16D770AB852D}"
EndProject
Global
	GlobalSection(SolutionConfigurationPlatforms) = preSolution
		Debug|x64 = Debug|x64
		Debug|x86 = Debug|x86
		Release|x64 = Release|x64
		Release|x86 = Release|x86
	EndGlobalSection
	GlobalSection(ProjectConfigurationPlatforms) = postSolution
		{49AF759F-72CC-408F-B9BA-772DAB52C101}.Debug|x64.ActiveCfg = Debug|x64
		{49AF759F-72CC-408F-B9BA-772DAB52C101}.Debug|x64.Build.0 = Debug|x64
		{49AF759F-72CC-408F-B9BA-772DAB52C101}.Debug|x86.ActiveCfg = Debug|Win32
		{49AF759F-72CC-408F-B9BA-772DAB52C101}.Debug|x86.Build.0 = Debug|Win32
		{49AF759F-72CC-408F-B9BA-772DAB52C101}.Release|x64.ActiveCfg = Release|x64
		{49AF759F-72CC-408F-B9BA-772DAB52C101}.Release|x64.Build.0 = Release|x64
		{49AF759F-72CC-408F-B9BA-772DAB52C101}.Release|x86.ActiveCfg = Release|Win32
		{49AF759F-72CC-408F-B9BA-772DAB52C101}.Release|x86.Build.0 = Release|Win32
		{F68ED626-208B-4F2E-83F8-DE27A8C1A713}.Debug|x64.ActiveCfg = Debug|x64
		{F68ED626-208B-4F2E-83F8-DE27A8C1A713}.Debug|x64.Build.0 = Debug|x64
		{F68ED626-208B-4F2E-83F8-DE27A8C1A713}.Debug|x86.ActiveCfg = Debug|Win32
		{F68ED626-208B-4F2E-83F8-DE27A8C1A713}.Debug|x86.Build.0 = Debug|Win32
		{F68ED626-208B-4F2E-83F8-DE27A8C1A713}.Release|x64.ActiveCfg = Release|x64
		{F68ED626-208B-4F2E-83F8-DE27A8C1A713}.Release|x64.Build.0 = Release|x64
		{F68ED626-208B-4F2E-83F8-DE27A8C1A713}.Release|x86.ActiveCfg = Release|Win32
		{F68ED626-208B-4F2E-83F8-DE27A8C1A713}.Release|x86.Build.0 = Release|Win32
		{E64C8A27-6709-43CB-9111-005F73553D85}.Debug|x64.ActiveCfg = Debug|x64
		{E64C8A27-6709-43CB-9111-005F73553D85}.Debug|x64.Build.0 = Debug|x64
		{E64C8A27-6709-43CB-9111-005F73553D85}.Debug|x86.ActiveCfg = Debug|Win32
		{E64C8A27-6709-43CB-9111-005F73553D85}.Debug|x86.Build.0 = Debug|Win32
		{E64C8A27-6709-43CB-9111-005F73553D85}.Release|x64.ActiveCfg = Release|x64
		{E64C8A27-6709-43CB-9111-005F73553D85}.Release|x64.Build.0 = Release|x64
		{E64C8A27-6709-43CB-9111-005F73553D85}.Release|x86.ActiveCfg = Release|Win32
		{E64C8A27-6709-43CB-9111-005F73553D85}.Release|x86.Build.0 = Release|Win32
		{3659F47F-0EF9-4B92-996F-81F893A4B2D6}.Debug|x64.ActiveCfg = Debug|x64
		{3659F47F-0EF9-4B92-996F-81F893A4B2D6}.Debug|x64.Build.0 = Debug|x64
		{3659F47F-0EF9-4B92-996F-81F893A4B2D6}.Debug|x86.ActiveCfg = Debug|Win32
		{3659F47F-0EF9-4B92-996F-81F893A4B2D6}.Debug|x86.Build.0 = Debug|Win32
		{3659F47F-0EF9-4B92-996F-81F893A4B2D6}.Release|x64.ActiveCfg = Release|x64
		{3659F47F-0EF9-4B92-996F-81F893A4B2D6}.Release|x64.Build.0 = Release|x64
		{3659F47F-0EF9-4B92-996F-81F893A4B2D6}.Release|x86.ActiveCfg = Release|Win32
		{3659F47F-0EF9-4B92-996F-81F893A4B2D6}.Release|x86.Build.0 = Release|Win32
		{2E55B8F7-69CD-43E0-A72B-16D770AB852D}.Debug|x64.ActiveCfg = Debug|x64
		{2E55B8F7-69CD-43E0-A72B-16D770AB852D}.Debug|x64.Build.0 = Debug|x64
		{2E55B8F7-69CD-43E0-A72B-16D770AB852D}.Debug|x86.ActiveCfg = Debug|Win32
		{2E55B8F7-69CD-43E0-A72B-16D770AB852D}.Debug|x86.Build.0 = Debug|Win32
		{2E55B8F7-69CD-43E0-A72B-16D770AB852D}.Release|x64.ActiveCfg = Release|x64
		{2E55B8F7-69CD-43E0-A72B-16D770AB852D}.Release|x64.Build.0 = Release|x64
		{2E55B8F7-69CD-43E0-A72B-16D770AB852D}.Release|x86.ActiveCfg = Release|Win32
		{2E55B8F7-69CD-43E0-A72B-16D770AB852D}.Release|x86.Build.0 = Release|Win32
	EndGlobalSection
	GlobalSection(SolutionProperties) = preSolution
		HideSolutionNode = FALSE
	EndGlobalSection
EndGlobal
